
Microsoft Visual Studio Solution File, Format Version 12.00
# Visual Studio Version 17
VisualStudioVersion = 17.7.34031.279
MinimumVisualStudioVersion = 10.0.40219.1
Project("{FAE04EC0-301F-11D3-BF4B-00C04F79EFBC}") = "NhaSachMetMoi", "NhaSachMetMoi\NhaSachMetMoi.csproj", "{D12DDFAA-EF66-49B6-A415-B79000DD8436}"
EndProject
Global
	GlobalSection(SolutionConfigurationPlatforms) = preSolution
		Debug|Any CPU = Debug|Any CPU
		Release|Any CPU = Release|Any CPU
	EndGlobalSection
	GlobalSection(ProjectConfigurationPlatforms) = postSolution
		{D12DDFAA-EF66-49B6-A415-B79000DD8436}.Debug|Any CPU.ActiveCfg = Debug|Any CPU
		{D12DDFAA-EF66-49B6-A415-B79000DD8436}.Debug|Any CPU.Build.0 = Debug|Any CPU
		{D12DDFAA-EF66-49B6-A415-B79000DD8436}.Release|Any CPU.ActiveCfg = Release|Any CPU
		{D12DDFAA-EF66-49B6-A415-B79000DD8436}.Release|Any CPU.Build.0 = Release|Any CPU
	EndGlobalSection
	GlobalSection(SolutionProperties) = preSolution
		HideSolutionNode = FALSE
	EndGlobalSection
	GlobalSection(ExtensibilityGlobals) = postSolution
		SolutionGuid = {09E64FA1-34CE-46BC-BF79-5072FDD7ED02}
	EndGlobalSection
EndGlobal
